// !$*UTF8*$!
{
	archiveVersion = 1;
	classes = {
	};
	objectVersion = 56;
	objects = {

/* Begin PBXBuildFile section */
		D59A51FC29DAFBEA00D382AB /* Villa_PlaisanceApp.swift in Sources */ = {isa = PBXBuildFile; fileRef = D59A51FB29DAFBEA00D382AB /* Villa_PlaisanceApp.swift */; };
		D59A51FE29DAFBEA00D382AB /* ContentView.swift in Sources */ = {isa = PBXBuildFile; fileRef = D59A51FD29DAFBEA00D382AB /* ContentView.swift */; };
		D59A520029DAFBF000D382AB /* Assets.xcassets in Resources */ = {isa = PBXBuildFile; fileRef = D59A51FF29DAFBF000D382AB /* Assets.xcassets */; };
		D59A520429DAFBF000D382AB /* Preview Assets.xcassets in Resources */ = {isa = PBXBuildFile; fileRef = D59A520329DAFBF000D382AB /* Preview Assets.xcassets */; };
		D59A520E29DAFBF000D382AB /* Villa_PlaisanceTests.swift in Sources */ = {isa = PBXBuildFile; fileRef = D59A520D29DAFBF000D382AB /* Villa_PlaisanceTests.swift */; };
		D59A521829DAFBF000D382AB /* Villa_PlaisanceUITests.swift in Sources */ = {isa = PBXBuildFile; fileRef = D59A521729DAFBF000D382AB /* Villa_PlaisanceUITests.swift */; };
		D59A521A29DAFBF000D382AB /* Villa_PlaisanceUITestsLaunchTests.swift in Sources */ = {isa = PBXBuildFile; fileRef = D59A521929DAFBF000D382AB /* Villa_PlaisanceUITestsLaunchTests.swift */; };
/* End PBXBuildFile section */

/* Begin PBXContainerItemProxy section */
		D59A520A29DAFBF000D382AB /* PBXContainerItemProxy */ = {
			isa = PBXContainerItemProxy;
			containerPortal = D59A51F029DAFBEA00D382AB /* Project object */;
			proxyType = 1;
			remoteGlobalIDString = D59A51F729DAFBEA00D382AB;
			remoteInfo = "Villa Plaisance";
		};
		D59A521429DAFBF000D382AB /* PBXContainerItemProxy */ = {
			isa = PBXContainerItemProxy;
			containerPortal = D59A51F029DAFBEA00D382AB /* Project object */;
			proxyType = 1;
			remoteGlobalIDString = D59A51F729DAFBEA00D382AB;
			remoteInfo = "Villa Plaisance";
		};
/* End PBXContainerItemProxy section */

/* Begin PBXFileReference section */
		D59A51F829DAFBEA00D382AB /* Villa Plaisance.app */ = {isa = PBXFileReference; explicitFileType = wrapper.application; includeInIndex = 0; path = "Villa Plaisance.app"; sourceTree = BUILT_PRODUCTS_DIR; };
		D59A51FB29DAFBEA00D382AB /* Villa_PlaisanceApp.swift */ = {isa = PBXFileReference; lastKnownFileType = sourcecode.swift; path = Villa_PlaisanceApp.swift; sourceTree = "<group>"; };
		D59A51FD29DAFBEA00D382AB /* ContentView.swift */ = {isa = PBXFileReference; lastKnownFileType = sourcecode.swift; path = ContentView.swift; sourceTree = "<group>"; };
		D59A51FF29DAFBF000D382AB /* Assets.xcassets */ = {isa = PBXFileReference; lastKnownFileType = folder.assetcatalog; path = Assets.xcassets; sourceTree = "<group>"; };
		D59A520129DAFBF000D382AB /* Villa_Plaisance.entitlements */ = {isa = PBXFileReference; lastKnownFileType = text.plist.entitlements; path = Villa_Plaisance.entitlements; sourceTree = "<group>"; };
		D59A520329DAFBF000D382AB /* Preview Assets.xcassets */ = {isa = PBXFileReference; lastKnownFileType = folder.assetcatalog; path = "Preview Assets.xcassets"; sourceTree = "<group>"; };
		D59A520929DAFBF000D382AB /* Villa PlaisanceTests.xctest */ = {isa = PBXFileReference; explicitFileType = wrapper.cfbundle; includeInIndex = 0; path = "Villa PlaisanceTests.xctest"; sourceTree = BUILT_PRODUCTS_DIR; };
		D59A520D29DAFBF000D382AB /* Villa_PlaisanceTests.swift */ = {isa = PBXFileReference; lastKnownFileType = sourcecode.swift; path = Villa_PlaisanceTests.swift; sourceTree = "<group>"; };
		D59A521329DAFBF000D382AB /* Villa PlaisanceUITests.xctest */ = {isa = PBXFileReference; explicitFileType = wrapper.cfbundle; includeInIndex = 0; path = "Villa PlaisanceUITests.xctest"; sourceTree = BUILT_PRODUCTS_DIR; };
		D59A521729DAFBF000D382AB /* Villa_PlaisanceUITests.swift */ = {isa = PBXFileReference; lastKnownFileType = sourcecode.swift; path = Villa_PlaisanceUITests.swift; sourceTree = "<group>"; };
		D59A521929DAFBF000D382AB /* Villa_PlaisanceUITestsLaunchTests.swift */ = {isa = PBXFileReference; lastKnownFileType = sourcecode.swift; path = Villa_PlaisanceUITestsLaunchTests.swift; sourceTree = "<group>"; };
/* End PBXFileReference section */

/* Begin PBXFrameworksBuildPhase section */
		D59A51F529DAFBEA00D382AB /* Frameworks */ = {
			isa = PBXFrameworksBuildPhase;
			buildActionMask = 2147483647;
			files = (
			);
			runOnlyForDeploymentPostprocessing = 0;
		};
		D59A520629DAFBF000D382AB /* Frameworks */ = {
			isa = PBXFrameworksBuildPhase;
			buildActionMask = 2147483647;
			files = (
			);
			runOnlyForDeploymentPostprocessing = 0;
		};
		D59A521029DAFBF000D382AB /* Frameworks */ = {
			isa = PBXFrameworksBuildPhase;
			buildActionMask = 2147483647;
			files = (
			);
			runOnlyForDeploymentPostprocessing = 0;
		};
/* End PBXFrameworksBuildPhase section */

/* Begin PBXGroup section */
		D59A51EF29DAFBEA00D382AB = {
			isa = PBXGroup;
			children = (
				D59A51FA29DAFBEA00D382AB /* Villa Plaisance */,
				D59A520C29DAFBF000D382AB /* Villa PlaisanceTests */,
				D59A521629DAFBF000D382AB /* Villa PlaisanceUITests */,
				D59A51F929DAFBEA00D382AB /* Products */,
			);
			sourceTree = "<group>";
		};
		D59A51F929DAFBEA00D382AB /* Products */ = {
			isa = PBXGroup;
			children = (
				D59A51F829DAFBEA00D382AB /* Villa Plaisance.app */,
				D59A520929DAFBF000D382AB /* Villa PlaisanceTests.xctest */,
				D59A521329DAFBF000D382AB /* Villa PlaisanceUITests.xctest */,
			);
			name = Products;
			sourceTree = "<group>";
		};
		D59A51FA29DAFBEA00D382AB /* Villa Plaisance */ = {
			isa = PBXGroup;
			children = (
				D59A51FB29DAFBEA00D382AB /* Villa_PlaisanceApp.swift */,
				D59A51FD29DAFBEA00D382AB /* ContentView.swift */,
				D59A51FF29DAFBF000D382AB /* Assets.xcassets */,
				D59A520129DAFBF000D382AB /* Villa_Plaisance.entitlements */,
				D59A520229DAFBF000D382AB /* Preview Content */,
			);
			path = "Villa Plaisance";
			sourceTree = "<group>";
		};
		D59A520229DAFBF000D382AB /* Preview Content */ = {
			isa = PBXGroup;
			children = (
				D59A520329DAFBF000D382AB /* Preview Assets.xcassets */,
			);
			path = "Preview Content";
			sourceTree = "<group>";
		};
		D59A520C29DAFBF000D382AB /* Villa PlaisanceTests */ = {
			isa = PBXGroup;
			children = (
				D59A520D29DAFBF000D382AB /* Villa_PlaisanceTests.swift */,
			);
			path = "Villa PlaisanceTests";
			sourceTree = "<group>";
		};
		D59A521629DAFBF000D382AB /* Villa PlaisanceUITests */ = {
			isa = PBXGroup;
			children = (
				D59A521729DAFBF000D382AB /* Villa_PlaisanceUITests.swift */,
				D59A521929DAFBF000D382AB /* Villa_PlaisanceUITestsLaunchTests.swift */,
			);
			path = "Villa PlaisanceUITests";
			sourceTree = "<group>";
		};
/* End PBXGroup section */

/* Begin PBXNativeTarget section */
		D59A51F729DAFBEA00D382AB /* Villa Plaisance */ = {
			isa = PBXNativeTarget;
			buildConfigurationList = D59A521D29DAFBF000D382AB /* Build configuration list for PBXNativeTarget "Villa Plaisance" */;
			buildPhases = (
				D59A51F429DAFBEA00D382AB /* Sources */,
				D59A51F529DAFBEA00D382AB /* Frameworks */,
				D59A51F629DAFBEA00D382AB /* Resources */,
			);
			buildRules = (
			);
			dependencies = (
			);
			name = "Villa Plaisance";
			productName = "Villa Plaisance";
			productReference = D59A51F829DAFBEA00D382AB /* Villa Plaisance.app */;
			productType = "com.apple.product-type.application";
		};
		D59A520829DAFBF000D382AB /* Villa PlaisanceTests */ = {
			isa = PBXNativeTarget;
			buildConfigurationList = D59A522029DAFBF000D382AB /* Build configuration list for PBXNativeTarget "Villa PlaisanceTests" */;
			buildPhases = (
				D59A520529DAFBF000D382AB /* Sources */,
				D59A520629DAFBF000D382AB /* Frameworks */,
				D59A520729DAFBF000D382AB /* Resources */,
			);
			buildRules = (
			);
			dependencies = (
				D59A520B29DAFBF000D382AB /* PBXTargetDependency */,
			);
			name = "Villa PlaisanceTests";
			productName = "Villa PlaisanceTests";
			productReference = D59A520929DAFBF000D382AB /* Villa PlaisanceTests.xctest */;
			productType = "com.apple.product-type.bundle.unit-test";
		};
		D59A521229DAFBF000D382AB /* Villa PlaisanceUITests */ = {
			isa = PBXNativeTarget;
			buildConfigurationList = D59A522329DAFBF000D382AB /* Build configuration list for PBXNativeTarget "Villa PlaisanceUITests" */;
			buildPhases = (
				D59A520F29DAFBF000D382AB /* Sources */,
				D59A521029DAFBF000D382AB /* Frameworks */,
				D59A521129DAFBF000D382AB /* Resources */,
			);
			buildRules = (
			);
			dependencies = (
				D59A521529DAFBF000D382AB /* PBXTargetDependency */,
			);
			name = "Villa PlaisanceUITests";
			productName = "Villa PlaisanceUITests";
			productReference = D59A521329DAFBF000D382AB /* Villa PlaisanceUITests.xctest */;
			productType = "com.apple.product-type.bundle.ui-testing";
		};
/* End PBXNativeTarget section */

/* Begin PBXProject section */
		D59A51F029DAFBEA00D382AB /* Project object */ = {
			isa = PBXProject;
			attributes = {
				BuildIndependentTargetsInParallel = 1;
				LastSwiftUpdateCheck = 1430;
				LastUpgradeCheck = 1430;
				TargetAttributes = {
					D59A51F729DAFBEA00D382AB = {
						CreatedOnToolsVersion = 14.3;
					};
					D59A520829DAFBF000D382AB = {
						CreatedOnToolsVersion = 14.3;
						TestTargetID = D59A51F729DAFBEA00D382AB;
					};
					D59A521229DAFBF000D382AB = {
						CreatedOnToolsVersion = 14.3;
						TestTargetID = D59A51F729DAFBEA00D382AB;
					};
				};
			};
			buildConfigurationList = D59A51F329DAFBEA00D382AB /* Build configuration list for PBXProject "Villa Plaisance" */;
			compatibilityVersion = "Xcode 14.0";
			developmentRegion = en;
			hasScannedForEncodings = 0;
			knownRegions = (
				en,
				Base,
			);
			mainGroup = D59A51EF29DAFBEA00D382AB;
			productRefGroup = D59A51F929DAFBEA00D382AB /* Products */;
			projectDirPath = "";
			projectRoot = "";
			targets = (
				D59A51F729DAFBEA00D382AB /* Villa Plaisance */,
				D59A520829DAFBF000D382AB /* Villa PlaisanceTests */,
				D59A521229DAFBF000D382AB /* Villa PlaisanceUITests */,
			);
		};
/* End PBXProject section */

/* Begin PBXResourcesBuildPhase section */
		D59A51F629DAFBEA00D382AB /* Resources */ = {
			isa = PBXResourcesBuildPhase;
			buildActionMask = 2147483647;
			files = (
				D59A520429DAFBF000D382AB /* Preview Assets.xcassets in Resources */,
				D59A520029DAFBF000D382AB /* Assets.xcassets in Resources */,
			);
			runOnlyForDeploymentPostprocessing = 0;
		};
		D59A520729DAFBF000D382AB /* Resources */ = {
			isa = PBXResourcesBuildPhase;
			buildActionMask = 2147483647;
			files = (
			);
			runOnlyForDeploymentPostprocessing = 0;
		};
		D59A521129DAFBF000D382AB /* Resources */ = {
			isa = PBXResourcesBuildPhase;
			buildActionMask = 2147483647;
			files = (
			);
			runOnlyForDeploymentPostprocessing = 0;
		};
/* End PBXResourcesBuildPhase section */

/* Begin PBXSourcesBuildPhase section */
		D59A51F429DAFBEA00D382AB /* Sources */ = {
			isa = PBXSourcesBuildPhase;
			buildActionMask = 2147483647;
			files = (
				D59A51FE29DAFBEA00D382AB /* ContentView.swift in Sources */,
				D59A51FC29DAFBEA00D382AB /* Villa_PlaisanceApp.swift in Sources */,
			);
			runOnlyForDeploymentPostprocessing = 0;
		};
		D59A520529DAFBF000D382AB /* Sources */ = {
			isa = PBXSourcesBuildPhase;
			buildActionMask = 2147483647;
			files = (
				D59A520E29DAFBF000D382AB /* Villa_PlaisanceTests.swift in Sources */,
			);
			runOnlyForDeploymentPostprocessing = 0;
		};
		D59A520F29DAFBF000D382AB /* Sources */ = {
			isa = PBXSourcesBuildPhase;
			buildActionMask = 2147483647;
			files = (
				D59A521A29DAFBF000D382AB /* Villa_PlaisanceUITestsLaunchTests.swift in Sources */,
				D59A521829DAFBF000D382AB /* Villa_PlaisanceUITests.swift in Sources */,
			);
			runOnlyForDeploymentPostprocessing = 0;
		};
/* End PBXSourcesBuildPhase section */

/* Begin PBXTargetDependency section */
		D59A520B29DAFBF000D382AB /* PBXTargetDependency */ = {
			isa = PBXTargetDependency;
			target = D59A51F729DAFBEA00D382AB /* Villa Plaisance */;
			targetProxy = D59A520A29DAFBF000D382AB /* PBXContainerItemProxy */;
		};
		D59A521529DAFBF000D382AB /* PBXTargetDependency */ = {
			isa = PBXTargetDependency;
			target = D59A51F729DAFBEA00D382AB /* Villa Plaisance */;
			targetProxy = D59A521429DAFBF000D382AB /* PBXContainerItemProxy */;
		};
/* End PBXTargetDependency section */

/* Begin XCBuildConfiguration section */
		D59A521B29DAFBF000D382AB /* Debug */ = {
			isa = XCBuildConfiguration;
			buildSettings = {
				ALWAYS_SEARCH_USER_PATHS = NO;
				CLANG_ANALYZER_NONNULL = YES;
				CLANG_ANALYZER_NUMBER_OBJECT_CONVERSION = YES_AGGRESSIVE;
				CLANG_CXX_LANGUAGE_STANDARD = "gnu++20";
				CLANG_ENABLE_MODULES = YES;
				CLANG_ENABLE_OBJC_ARC = YES;
				CLANG_ENABLE_OBJC_WEAK = YES;
				CLANG_WARN_BLOCK_CAPTURE_AUTORELEASING = YES;
				CLANG_WARN_BOOL_CONVERSION = YES;
				CLANG_WARN_COMMA = YES;
				CLANG_WARN_CONSTANT_CONVERSION = YES;
				CLANG_WARN_DEPRECATED_OBJC_IMPLEMENTATIONS = YES;
				CLANG_WARN_DIRECT_OBJC_ISA_USAGE = YES_ERROR;
				CLANG_WARN_DOCUMENTATION_COMMENTS = YES;
				CLANG_WARN_EMPTY_BODY = YES;
				CLANG_WARN_ENUM_CONVERSION = YES;
				CLANG_WARN_INFINITE_RECURSION = YES;
				CLANG_WARN_INT_CONVERSION = YES;
				CLANG_WARN_NON_LITERAL_NULL_CONVERSION = YES;
				CLANG_WARN_OBJC_IMPLICIT_RETAIN_SELF = YES;
				CLANG_WARN_OBJC_LITERAL_CONVERSION = YES;
				CLANG_WARN_OBJC_ROOT_CLASS = YES_ERROR;
				CLANG_WARN_QUOTED_INCLUDE_IN_FRAMEWORK_HEADER = YES;
				CLANG_WARN_RANGE_LOOP_ANALYSIS = YES;
				CLANG_WARN_STRICT_PROTOTYPES = YES;
				CLANG_WARN_SUSPICIOUS_MOVE = YES;
				CLANG_WARN_UNGUARDED_AVAILABILITY = YES_AGGRESSIVE;
				CLANG_WARN_UNREACHABLE_CODE = YES;
				CLANG_WARN__DUPLICATE_METHOD_MATCH = YES;
				COPY_PHASE_STRIP = NO;
				DEBUG_INFORMATION_FORMAT = dwarf;
				ENABLE_STRICT_OBJC_MSGSEND = YES;
				ENABLE_TESTABILITY = YES;
				GCC_C_LANGUAGE_STANDARD = gnu11;
				GCC_DYNAMIC_NO_PIC = NO;
				GCC_NO_COMMON_BLOCKS = YES;
				GCC_OPTIMIZATION_LEVEL = 0;
				GCC_PREPROCESSOR_DEFINITIONS = (
					"DEBUG=1",
					"$(inherited)",
				);
				GCC_WARN_64_TO_32_BIT_CONVERSION = YES;
				GCC_WARN_ABOUT_RETURN_TYPE = YES_ERROR;
				GCC_WARN_UNDECLARED_SELECTOR = YES;
				GCC_WARN_UNINITIALIZED_AUTOS = YES_AGGRESSIVE;
				GCC_WARN_UNUSED_FUNCTION = YES;
				GCC_WARN_UNUSED_VARIABLE = YES;
				MTL_ENABLE_DEBUG_INFO = INCLUDE_SOURCE;
				MTL_FAST_MATH = YES;
				ONLY_ACTIVE_ARCH = YES;
				SWIFT_ACTIVE_COMPILATION_CONDITIONS = DEBUG;
				SWIFT_OPTIMIZATION_LEVEL = "-Onone";
			};
			name = Debug;
		};
		D59A521C29DAFBF000D382AB /* Release */ = {
			isa = XCBuildConfiguration;
			buildSettings = {
				ALWAYS_SEARCH_USER_PATHS = NO;
				CLANG_ANALYZER_NONNULL = YES;
				CLANG_ANALYZER_NUMBER_OBJECT_CONVERSION = YES_AGGRESSIVE;
				CLANG_CXX_LANGUAGE_STANDARD = "gnu++20";
				CLANG_ENABLE_MODULES = YES;
				CLANG_ENABLE_OBJC_ARC = YES;
				CLANG_ENABLE_OBJC_WEAK = YES;
				CLANG_WARN_BLOCK_CAPTURE_AUTORELEASING = YES;
				CLANG_WARN_BOOL_CONVERSION = YES;
				CLANG_WARN_COMMA = YES;
				CLANG_WARN_CONSTANT_CONVERSION = YES;
				CLANG_WARN_DEPRECATED_OBJC_IMPLEMENTATIONS = YES;
				CLANG_WARN_DIRECT_OBJC_ISA_USAGE = YES_ERROR;
				CLANG_WARN_DOCUMENTATION_COMMENTS = YES;
				CLANG_WARN_EMPTY_BODY = YES;
				CLANG_WARN_ENUM_CONVERSION = YES;
				CLANG_WARN_INFINITE_RECURSION = YES;
				CLANG_WARN_INT_CONVERSION = YES;
				CLANG_WARN_NON_LITERAL_NULL_CONVERSION = YES;
				CLANG_WARN_OBJC_IMPLICIT_RETAIN_SELF = YES;
				CLANG_WARN_OBJC_LITERAL_CONVERSION = YES;
				CLANG_WARN_OBJC_ROOT_CLASS = YES_ERROR;
				CLANG_WARN_QUOTED_INCLUDE_IN_FRAMEWORK_HEADER = YES;
				CLANG_WARN_RANGE_LOOP_ANALYSIS = YES;
				CLANG_WARN_STRICT_PROTOTYPES = YES;
				CLANG_WARN_SUSPICIOUS_MOVE = YES;
				CLANG_WARN_UNGUARDED_AVAILABILITY = YES_AGGRESSIVE;
				CLANG_WARN_UNREACHABLE_CODE = YES;
				CLANG_WARN__DUPLICATE_METHOD_MATCH = YES;
				COPY_PHASE_STRIP = NO;
				DEBUG_INFORMATION_FORMAT = "dwarf-with-dsym";
				ENABLE_NS_ASSERTIONS = NO;
				ENABLE_STRICT_OBJC_MSGSEND = YES;
				GCC_C_LANGUAGE_STANDARD = gnu11;
				GCC_NO_COMMON_BLOCKS = YES;
				GCC_WARN_64_TO_32_BIT_CONVERSION = YES;
				GCC_WARN_ABOUT_RETURN_TYPE = YES_ERROR;
				GCC_WARN_UNDECLARED_SELECTOR = YES;
				GCC_WARN_UNINITIALIZED_AUTOS = YES_AGGRESSIVE;
				GCC_WARN_UNUSED_FUNCTION = YES;
				GCC_WARN_UNUSED_VARIABLE = YES;
				MTL_ENABLE_DEBUG_INFO = NO;
				MTL_FAST_MATH = YES;
				SWIFT_COMPILATION_MODE = wholemodule;
				SWIFT_OPTIMIZATION_LEVEL = "-O";
			};
			name = Release;
		};
		D59A521E29DAFBF000D382AB /* Debug */ = {
			isa = XCBuildConfiguration;
			buildSettings = {
				ASSETCATALOG_COMPILER_APPICON_NAME = AppIcon;
				ASSETCATALOG_COMPILER_GLOBAL_ACCENT_COLOR_NAME = AccentColor;
				CODE_SIGN_ENTITLEMENTS = "Villa Plaisance/Villa_Plaisance.entitlements";
				CODE_SIGN_STYLE = Automatic;
				CURRENT_PROJECT_VERSION = 1;
				DEVELOPMENT_ASSET_PATHS = "\"Villa Plaisance/Preview Content\"";
				ENABLE_PREVIEWS = YES;
				GENERATE_INFOPLIST_FILE = YES;
				"INFOPLIST_KEY_UIApplicationSceneManifest_Generation[sdk=iphoneos*]" = YES;
				"INFOPLIST_KEY_UIApplicationSceneManifest_Generation[sdk=iphonesimulator*]" = YES;
				"INFOPLIST_KEY_UIApplicationSupportsIndirectInputEvents[sdk=iphoneos*]" = YES;
				"INFOPLIST_KEY_UIApplicationSupportsIndirectInputEvents[sdk=iphonesimulator*]" = YES;
				"INFOPLIST_KEY_UILaunchScreen_Generation[sdk=iphoneos*]" = YES;
				"INFOPLIST_KEY_UILaunchScreen_Generation[sdk=iphonesimulator*]" = YES;
				"INFOPLIST_KEY_UIStatusBarStyle[sdk=iphoneos*]" = UIStatusBarStyleDefault;
				"INFOPLIST_KEY_UIStatusBarStyle[sdk=iphonesimulator*]" = UIStatusBarStyleDefault;
				INFOPLIST_KEY_UISupportedInterfaceOrientations_iPad = "UIInterfaceOrientationPortrait UIInterfaceOrientationPortraitUpsideDown UIInterfaceOrientationLandscapeLeft UIInterfaceOrientationLandscapeRight";
				INFOPLIST_KEY_UISupportedInterfaceOrientations_iPhone = "UIInterfaceOrientationPortrait UIInterfaceOrientationLandscapeLeft UIInterfaceOrientationLandscapeRight";
				IPHONEOS_DEPLOYMENT_TARGET = 16.4;
				LD_RUNPATH_SEARCH_PATHS = "@executable_path/Frameworks";
				"LD_RUNPATH_SEARCH_PATHS[sdk=macosx*]" = "@executable_path/../Frameworks";
				MACOSX_DEPLOYMENT_TARGET = 13.2;
				MARKETING_VERSION = 1.0;
				PRODUCT_BUNDLE_IDENTIFIER = "jorgecanete.Villa-Plaisance";
				PRODUCT_NAME = "$(TARGET_NAME)";
				SDKROOT = auto;
				SUPPORTED_PLATFORMS = "iphoneos iphonesimulator macosx";
				SWIFT_EMIT_LOC_STRINGS = YES;
				SWIFT_VERSION = 5.0;
				TARGETED_DEVICE_FAMILY = "1,2";
			};
			name = Debug;
		};
		D59A521F29DAFBF000D382AB /* Release */ = {
			isa = XCBuildConfiguration;
			buildSettings = {
				ASSETCATALOG_COMPILER_APPICON_NAME = AppIcon;
				ASSETCATALOG_COMPILER_GLOBAL_ACCENT_COLOR_NAME = AccentColor;
				CODE_SIGN_ENTITLEMENTS = "Villa Plaisance/Villa_Plaisance.entitlements";
				CODE_SIGN_STYLE = Automatic;
				CURRENT_PROJECT_VERSION = 1;
				DEVELOPMENT_ASSET_PATHS = "\"Villa Plaisance/Preview Content\"";
				ENABLE_PREVIEWS = YES;
				GENERATE_INFOPLIST_FILE = YES;
				"INFOPLIST_KEY_UIApplicationSceneManifest_Generation[sdk=iphoneos*]" = YES;
				"INFOPLIST_KEY_UIApplicationSceneManifest_Generation[sdk=iphonesimulator*]" = YES;
				"INFOPLIST_KEY_UIApplicationSupportsIndirectInputEvents[sdk=iphoneos*]" = YES;
				"INFOPLIST_KEY_UIApplicationSupportsIndirectInputEvents[sdk=iphonesimulator*]" = YES;
				"INFOPLIST_KEY_UILaunchScreen_Generation[sdk=iphoneos*]" = YES;
				"INFOPLIST_KEY_UILaunchScreen_Generation[sdk=iphonesimulator*]" = YES;
				"INFOPLIST_KEY_UIStatusBarStyle[sdk=iphoneos*]" = UIStatusBarStyleDefault;
				"INFOPLIST_KEY_UIStatusBarStyle[sdk=iphonesimulator*]" = UIStatusBarStyleDefault;
				INFOPLIST_KEY_UISupportedInterfaceOrientations_iPad = "UIInterfaceOrientationPortrait UIInterfaceOrientationPortraitUpsideDown UIInterfaceOrientationLandscapeLeft UIInterfaceOrientationLandscapeRight";
				INFOPLIST_KEY_UISupportedInterfaceOrientations_iPhone = "UIInterfaceOrientationPortrait UIInterfaceOrientationLandscapeLeft UIInterfaceOrientationLandscapeRight";
				IPHONEOS_DEPLOYMENT_TARGET = 16.4;
				LD_RUNPATH_SEARCH_PATHS = "@executable_path/Frameworks";
				"LD_RUNPATH_SEARCH_PATHS[sdk=macosx*]" = "@executable_path/../Frameworks";
				MACOSX_DEPLOYMENT_TARGET = 13.2;
				MARKETING_VERSION = 1.0;
				PRODUCT_BUNDLE_IDENTIFIER = "jorgecanete.Villa-Plaisance";
				PRODUCT_NAME = "$(TARGET_NAME)";
				SDKROOT = auto;
				SUPPORTED_PLATFORMS = "iphoneos iphonesimulator macosx";
				SWIFT_EMIT_LOC_STRINGS = YES;
				SWIFT_VERSION = 5.0;
				TARGETED_DEVICE_FAMILY = "1,2";
			};
			name = Release;
		};
		D59A522129DAFBF000D382AB /* Debug */ = {
			isa = XCBuildConfiguration;
			buildSettings = {
				ALWAYS_EMBED_SWIFT_STANDARD_LIBRARIES = YES;
				BUNDLE_LOADER = "$(TEST_HOST)";
				CODE_SIGN_STYLE = Automatic;
				CURRENT_PROJECT_VERSION = 1;
				GENERATE_INFOPLIST_FILE = YES;
				IPHONEOS_DEPLOYMENT_TARGET = 16.4;
				MACOSX_DEPLOYMENT_TARGET = 13.2;
				MARKETING_VERSION = 1.0;
				PRODUCT_BUNDLE_IDENTIFIER = "jorgecanete.Villa-PlaisanceTests";
				PRODUCT_NAME = "$(TARGET_NAME)";
				SDKROOT = auto;
				SUPPORTED_PLATFORMS = "iphoneos iphonesimulator macosx";
				SWIFT_EMIT_LOC_STRINGS = NO;
				SWIFT_VERSION = 5.0;
				TARGETED_DEVICE_FAMILY = "1,2";
				TEST_HOST = "$(BUILT_PRODUCTS_DIR)/Villa Plaisance.app/$(BUNDLE_EXECUTABLE_FOLDER_PATH)/Villa Plaisance";
			};
			name = Debug;
		};
		D59A522229DAFBF000D382AB /* Release */ = {
			isa = XCBuildConfiguration;
			buildSettings = {
				ALWAYS_EMBED_SWIFT_STANDARD_LIBRARIES = YES;
				BUNDLE_LOADER = "$(TEST_HOST)";
				CODE_SIGN_STYLE = Automatic;
				CURRENT_PROJECT_VERSION = 1;
				GENERATE_INFOPLIST_FILE = YES;
				IPHONEOS_DEPLOYMENT_TARGET = 16.4;
				MACOSX_DEPLOYMENT_TARGET = 13.2;
				MARKETING_VERSION = 1.0;
				PRODUCT_BUNDLE_IDENTIFIER = "jorgecanete.Villa-PlaisanceTests";
				PRODUCT_NAME = "$(TARGET_NAME)";
				SDKROOT = auto;
				SUPPORTED_PLATFORMS = "iphoneos iphonesimulator macosx";
				SWIFT_EMIT_LOC_STRINGS = NO;
				SWIFT_VERSION = 5.0;
				TARGETED_DEVICE_FAMILY = "1,2";
				TEST_HOST = "$(BUILT_PRODUCTS_DIR)/Villa Plaisance.app/$(BUNDLE_EXECUTABLE_FOLDER_PATH)/Villa Plaisance";
			};
			name = Release;
		};
		D59A522429DAFBF000D382AB /* Debug */ = {
			isa = XCBuildConfiguration;
			buildSettings = {
				ALWAYS_EMBED_SWIFT_STANDARD_LIBRARIES = YES;
				CODE_SIGN_STYLE = Automatic;
				CURRENT_PROJECT_VERSION = 1;
				GENERATE_INFOPLIST_FILE = YES;
				IPHONEOS_DEPLOYMENT_TARGET = 16.4;
				MACOSX_DEPLOYMENT_TARGET = 13.2;
				MARKETING_VERSION = 1.0;
				PRODUCT_BUNDLE_IDENTIFIER = "jorgecanete.Villa-PlaisanceUITests";
				PRODUCT_NAME = "$(TARGET_NAME)";
				SDKROOT = auto;
				SUPPORTED_PLATFORMS = "iphoneos iphonesimulator macosx";
				SWIFT_EMIT_LOC_STRINGS = NO;
				SWIFT_VERSION = 5.0;
				TARGETED_DEVICE_FAMILY = "1,2";
				TEST_TARGET_NAME = "Villa Plaisance";
			};
			name = Debug;
		};
		D59A522529DAFBF000D382AB /* Release */ = {
			isa = XCBuildConfiguration;
			buildSettings = {
				ALWAYS_EMBED_SWIFT_STANDARD_LIBRARIES = YES;
				CODE_SIGN_STYLE = Automatic;
				CURRENT_PROJECT_VERSION = 1;
				GENERATE_INFOPLIST_FILE = YES;
				IPHONEOS_DEPLOYMENT_TARGET = 16.4;
				MACOSX_DEPLOYMENT_TARGET = 13.2;
				MARKETING_VERSION = 1.0;
				PRODUCT_BUNDLE_IDENTIFIER = "jorgecanete.Villa-PlaisanceUITests";
				PRODUCT_NAME = "$(TARGET_NAME)";
				SDKROOT = auto;
				SUPPORTED_PLATFORMS = "iphoneos iphonesimulator macosx";
				SWIFT_EMIT_LOC_STRINGS = NO;
				SWIFT_VERSION = 5.0;
				TARGETED_DEVICE_FAMILY = "1,2";
				TEST_TARGET_NAME = "Villa Plaisance";
			};
			name = Release;
		};
/* End XCBuildConfiguration section */

/* Begin XCConfigurationList section */
		D59A51F329DAFBEA00D382AB /* Build configuration list for PBXProject "Villa Plaisance" */ = {
			isa = XCConfigurationList;
			buildConfigurations = (
				D59A521B29DAFBF000D382AB /* Debug */,
				D59A521C29DAFBF000D382AB /* Release */,
			);
			defaultConfigurationIsVisible = 0;
			defaultConfigurationName = Release;
		};
		D59A521D29DAFBF000D382AB /* Build configuration list for PBXNativeTarget "Villa Plaisance" */ = {
			isa = XCConfigurationList;
			buildConfigurations = (
				D59A521E29DAFBF000D382AB /* Debug */,
				D59A521F29DAFBF000D382AB /* Release */,
			);
			defaultConfigurationIsVisible = 0;
			defaultConfigurationName = Release;
		};
		D59A522029DAFBF000D382AB /* Build configuration list for PBXNativeTarget "Villa PlaisanceTests" */ = {
			isa = XCConfigurationList;
			buildConfigurations = (
				D59A522129DAFBF000D382AB /* Debug */,
				D59A522229DAFBF000D382AB /* Release */,
			);
			defaultConfigurationIsVisible = 0;
			defaultConfigurationName = Release;
		};
		D59A522329DAFBF000D382AB /* Build configuration list for PBXNativeTarget "Villa PlaisanceUITests" */ = {
			isa = XCConfigurationList;
			buildConfigurations = (
				D59A522429DAFBF000D382AB /* Debug */,
				D59A522529DAFBF000D382AB /* Release */,
			);
			defaultConfigurationIsVisible = 0;
			defaultConfigurationName = Release;
		};
/* End XCConfigurationList section */
	};
	rootObject = D59A51F029DAFBEA00D382AB /* Project object */;
}
